
Microsoft Visual Studio Solution File, Format Version 12.00
# Visual Studio 14
VisualStudioVersion = 14.0.25420.1
MinimumVisualStudioVersion = 10.0.40219.1
Project("{2150E333-8FDC-42A3-9474-1A3956D46DE8}") = "BinarySearch", "BinarySearch", "{DA8130CC-F879-4888-BB58-8A4F1F32D76F}"
EndProject
Project("{FAE04EC0-301F-11D3-BF4B-00C04F79EFBC}") = "Interview.BinarySearch", "BinarySearch\Interview.BinarySearch\Interview.BinarySearch.csproj", "{D768D806-BCDE-4BDC-900F-450D79E8E564}"
EndProject
Project("{FAE04EC0-301F-11D3-BF4B-00C04F79EFBC}") = "Interview.BinarySearch.Tests", "BinarySearch\Interview.BinarySearch.Tests\Interview.BinarySearch.Tests.csproj", "{85310C03-27AB-4752-9A70-7E7ED8125035}"
EndProject
Project("{2150E333-8FDC-42A3-9474-1A3956D46DE8}") = "ParallelCounter", "ParallelCounter", "{989556DD-F0E7-4AFE-869A-0759D912DE35}"
EndProject
Project("{FAE04EC0-301F-11D3-BF4B-00C04F79EFBC}") = "Interview.ParallelCounter.Tests", "ParallelCounter\Interview.ParallelCounter.Tests\Interview.ParallelCounter.Tests.csproj", "{D78D7BDA-802C-461F-9887-B0CFD4CBDCE0}"
EndProject
Project("{FAE04EC0-301F-11D3-BF4B-00C04F79EFBC}") = "Interview.ParallelCounter", "ParallelCounter\Interview.ParallelCounter\Interview.ParallelCounter.csproj", "{D0E4DD31-0B0C-44C2-AF0A-BCC4065611E4}"
EndProject
Project("{2150E333-8FDC-42A3-9474-1A3956D46DE8}") = "Palindrome", "Palindrome", "{3F8B3B85-E20D-4F97-BBD6-E34792BADD5F}"
EndProject
Project("{FAE04EC0-301F-11D3-BF4B-00C04F79EFBC}") = "Interview.Palindrome", "Palindrome\Interview.Palindrome\Interview.Palindrome.csproj", "{E2540DB0-2CC3-4C6B-AEED-9C981A16B1D8}"
EndProject
Project("{FAE04EC0-301F-11D3-BF4B-00C04F79EFBC}") = "Interview.Palindrome.Tests", "Palindrome\Interview.Palindrome.Tests\Interview.Palindrome.Tests.csproj", "{8525D04A-3F11-45D1-B6F1-6BF5CB26C9B3}"
EndProject
Project("{2150E333-8FDC-42A3-9474-1A3956D46DE8}") = "LinkedList", "LinkedList", "{3F531ED0-82DA-4D51-9058-BBDB7B4F9663}"
EndProject
Project("{FAE04EC0-301F-11D3-BF4B-00C04F79EFBC}") = "Interview.LinkedList", "LinkedList\Interview.LinkedList\Interview.LinkedList.csproj", "{9C92C863-0CFF-45FA-9ED7-D5C2EF71E76F}"
EndProject
Project("{FAE04EC0-301F-11D3-BF4B-00C04F79EFBC}") = "Interview.LinkedList.Tests", "Interview.LinkedList.Tests\Interview.LinkedList.Tests.csproj", "{FB4823C1-CA45-418A-BDF9-43866AE3BA2F}"
EndProject
Global
	GlobalSection(SolutionConfigurationPlatforms) = preSolution
		Debug|Any CPU = Debug|Any CPU
		Release|Any CPU = Release|Any CPU
	EndGlobalSection
	GlobalSection(ProjectConfigurationPlatforms) = postSolution
		{D768D806-BCDE-4BDC-900F-450D79E8E564}.Debug|Any CPU.ActiveCfg = Debug|Any CPU
		{D768D806-BCDE-4BDC-900F-450D79E8E564}.Debug|Any CPU.Build.0 = Debug|Any CPU
		{D768D806-BCDE-4BDC-900F-450D79E8E564}.Release|Any CPU.ActiveCfg = Release|Any CPU
		{D768D806-BCDE-4BDC-900F-450D79E8E564}.Release|Any CPU.Build.0 = Release|Any CPU
		{85310C03-27AB-4752-9A70-7E7ED8125035}.Debug|Any CPU.ActiveCfg = Debug|Any CPU
		{85310C03-27AB-4752-9A70-7E7ED8125035}.Debug|Any CPU.Build.0 = Debug|Any CPU
		{85310C03-27AB-4752-9A70-7E7ED8125035}.Release|Any CPU.ActiveCfg = Release|Any CPU
		{85310C03-27AB-4752-9A70-7E7ED8125035}.Release|Any CPU.Build.0 = Release|Any CPU
		{D78D7BDA-802C-461F-9887-B0CFD4CBDCE0}.Debug|Any CPU.ActiveCfg = Debug|Any CPU
		{D78D7BDA-802C-461F-9887-B0CFD4CBDCE0}.Debug|Any CPU.Build.0 = Debug|Any CPU
		{D78D7BDA-802C-461F-9887-B0CFD4CBDCE0}.Release|Any CPU.ActiveCfg = Release|Any CPU
		{D78D7BDA-802C-461F-9887-B0CFD4CBDCE0}.Release|Any CPU.Build.0 = Release|Any CPU
		{D0E4DD31-0B0C-44C2-AF0A-BCC4065611E4}.Debug|Any CPU.ActiveCfg = Debug|Any CPU
		{D0E4DD31-0B0C-44C2-AF0A-BCC4065611E4}.Debug|Any CPU.Build.0 = Debug|Any CPU
		{D0E4DD31-0B0C-44C2-AF0A-BCC4065611E4}.Release|Any CPU.ActiveCfg = Release|Any CPU
		{D0E4DD31-0B0C-44C2-AF0A-BCC4065611E4}.Release|Any CPU.Build.0 = Release|Any CPU
		{E2540DB0-2CC3-4C6B-AEED-9C981A16B1D8}.Debug|Any CPU.ActiveCfg = Debug|Any CPU
		{E2540DB0-2CC3-4C6B-AEED-9C981A16B1D8}.Debug|Any CPU.Build.0 = Debug|Any CPU
		{E2540DB0-2CC3-4C6B-AEED-9C981A16B1D8}.Release|Any CPU.ActiveCfg = Release|Any CPU
		{E2540DB0-2CC3-4C6B-AEED-9C981A16B1D8}.Release|Any CPU.Build.0 = Release|Any CPU
		{8525D04A-3F11-45D1-B6F1-6BF5CB26C9B3}.Debug|Any CPU.ActiveCfg = Debug|Any CPU
		{8525D04A-3F11-45D1-B6F1-6BF5CB26C9B3}.Debug|Any CPU.Build.0 = Debug|Any CPU
		{8525D04A-3F11-45D1-B6F1-6BF5CB26C9B3}.Release|Any CPU.ActiveCfg = Release|Any CPU
		{8525D04A-3F11-45D1-B6F1-6BF5CB26C9B3}.Release|Any CPU.Build.0 = Release|Any CPU
		{9C92C863-0CFF-45FA-9ED7-D5C2EF71E76F}.Debug|Any CPU.ActiveCfg = Debug|Any CPU
		{9C92C863-0CFF-45FA-9ED7-D5C2EF71E76F}.Debug|Any CPU.Build.0 = Debug|Any CPU
		{9C92C863-0CFF-45FA-9ED7-D5C2EF71E76F}.Release|Any CPU.ActiveCfg = Release|Any CPU
		{9C92C863-0CFF-45FA-9ED7-D5C2EF71E76F}.Release|Any CPU.Build.0 = Release|Any CPU
		{FB4823C1-CA45-418A-BDF9-43866AE3BA2F}.Debug|Any CPU.ActiveCfg = Debug|Any CPU
		{FB4823C1-CA45-418A-BDF9-43866AE3BA2F}.Debug|Any CPU.Build.0 = Debug|Any CPU
		{FB4823C1-CA45-418A-BDF9-43866AE3BA2F}.Release|Any CPU.ActiveCfg = Release|Any CPU
		{FB4823C1-CA45-418A-BDF9-43866AE3BA2F}.Release|Any CPU.Build.0 = Release|Any CPU
	EndGlobalSection
	GlobalSection(SolutionProperties) = preSolution
		HideSolutionNode = FALSE
	EndGlobalSection
	GlobalSection(NestedProjects) = preSolution
		{D768D806-BCDE-4BDC-900F-450D79E8E564} = {DA8130CC-F879-4888-BB58-8A4F1F32D76F}
		{85310C03-27AB-4752-9A70-7E7ED8125035} = {DA8130CC-F879-4888-BB58-8A4F1F32D76F}
		{D78D7BDA-802C-461F-9887-B0CFD4CBDCE0} = {989556DD-F0E7-4AFE-869A-0759D912DE35}
		{D0E4DD31-0B0C-44C2-AF0A-BCC4065611E4} = {989556DD-F0E7-4AFE-869A-0759D912DE35}
		{E2540DB0-2CC3-4C6B-AEED-9C981A16B1D8} = {3F8B3B85-E20D-4F97-BBD6-E34792BADD5F}
		{8525D04A-3F11-45D1-B6F1-6BF5CB26C9B3} = {3F8B3B85-E20D-4F97-BBD6-E34792BADD5F}
		{9C92C863-0CFF-45FA-9ED7-D5C2EF71E76F} = {3F531ED0-82DA-4D51-9058-BBDB7B4F9663}
		{FB4823C1-CA45-418A-BDF9-43866AE3BA2F} = {3F531ED0-82DA-4D51-9058-BBDB7B4F9663}
	EndGlobalSection
EndGlobal
